
Microsoft Visual Studio Solution File, Format Version 12.00
# Visual Studio Version 16
VisualStudioVersion = 16.0.30804.86
MinimumVisualStudioVersion = 10.0.40219.1
Project("{FAE04EC0-301F-11D3-BF4B-00C04F79EFBC}") = "Pagination", "Pagination\Pagination.csproj", "{3642F418-648C-4B98-BD07-22F61B43A603}"
EndProject
Global
	GlobalSection(SolutionConfigurationPlatforms) = preSolution
		Debug|Any CPU = Debug|Any CPU
		Release|Any CPU = Release|Any CPU
	EndGlobalSection
	GlobalSection(ProjectConfigurationPlatforms) = postSolution
		{3642F418-648C-4B98-BD07-22F61B43A603}.Debug|Any CPU.ActiveCfg = Debug|Any CPU
		{3642F418-648C-4B98-BD07-22F61B43A603}.Debug|Any CPU.Build.0 = Debug|Any CPU
		{3642F418-648C-4B98-BD07-22F61B43A603}.Release|Any CPU.ActiveCfg = Release|Any CPU
		{3642F418-648C-4B98-BD07-22F61B43A603}.Release|Any CPU.Build.0 = Release|Any CPU
	EndGlobalSection
	GlobalSection(SolutionProperties) = preSolution
		HideSolutionNode = FALSE
	EndGlobalSection
	GlobalSection(ExtensibilityGlobals) = postSolution
		SolutionGuid = {06F6A77B-ECB9-4FDB-BD61-DA4F3F270BA5}
	EndGlobalSection
EndGlobal
